
Microsoft Visual Studio Solution File, Format Version 12.00
# Visual Studio Version 16
VisualStudioVersion = 16.0.30204.135
MinimumVisualStudioVersion = 10.0.40219.1
Project("{9A19103F-16F7-4668-BE54-9A1E7A4F7556}") = "OpenMod.Economy", "OpenMod.Economy\OpenMod.Economy.csproj", "{55F2672A-E341-4B02-8ADC-8AE2459EFEA2}"
EndProject
Global
	GlobalSection(SolutionConfigurationPlatforms) = preSolution
		Debug|Any CPU = Debug|Any CPU
		Release|Any CPU = Release|Any CPU
	EndGlobalSection
	GlobalSection(ProjectConfigurationPlatforms) = postSolution
		{55F2672A-E341-4B02-8ADC-8AE2459EFEA2}.Debug|Any CPU.ActiveCfg = Debug|Any CPU
		{55F2672A-E341-4B02-8ADC-8AE2459EFEA2}.Debug|Any CPU.Build.0 = Debug|Any CPU
		{55F2672A-E341-4B02-8ADC-8AE2459EFEA2}.Release|Any CPU.ActiveCfg = Release|Any CPU
		{55F2672A-E341-4B02-8ADC-8AE2459EFEA2}.Release|Any CPU.Build.0 = Release|Any CPU
	EndGlobalSection
	GlobalSection(SolutionProperties) = preSolution
		HideSolutionNode = FALSE
	EndGlobalSection
	GlobalSection(ExtensibilityGlobals) = postSolution
		SolutionGuid = {425BC2D8-AB03-4FC0-81B4-37062E47C06F}
	EndGlobalSection
EndGlobal
